%{"html_entities": {:hex, :html_entities, "0.3.0", "2f278ffc69c3f0cbd5996628fef37cf922fa715f3e04b9f38924c8adced3f25a", [:mix], []},
  "html_sanitize_ex": {:hex, :html_sanitize_ex, "1.0.1", "2572e7122c78ab7e57b613e7c7f5e42bf9b3c25e430e32f23f1413d86db8a0af", [:mix], [{:mochiweb, "~> 2.12.2", [hex: :mochiweb, optional: false]}]},
  "mochiweb": {:hex, :mochiweb, "2.12.2", "80804ad342afa3d7f3524040d4eed66ce74b17a555de454ac85b07c479928e46", [:make, :rebar], []}}
